{
  "name": "tcx-parser",
  "version": "1.0.0",
  "lockfileVersion": 1,
  "requires": true,
  "dependencies": {
    "@types/node": {
      "version": "14.11.1",
      "resolved": "https://registry.npmjs.org/@types/node/-/node-14.11.1.tgz",
      "integrity": "sha512-oTQgnd0hblfLsJ6BvJzzSL+Inogp3lq9fGgqRkMB/ziKMgEUaFl801OncOzUmalfzt14N0oPHMK47ipl+wbTIw==",
      "dev": true
    },
    "class-transformer": {
      "version": "0.3.1",
      "resolved": "https://registry.npmjs.org/class-transformer/-/class-transformer-0.3.1.tgz",
      "integrity": "sha512-cKFwohpJbuMovS8xVLmn8N2AUbAuc8pVo4zEfsUVo8qgECOogns1WVk/FkOZoxhOPTyTYFckuoH+13FO+MQ8GA=="
    },
    "fast-xml-parser": {
      "version": "3.17.4",
      "resolved": "https://registry.npmjs.org/fast-xml-parser/-/fast-xml-parser-3.17.4.tgz",
      "integrity": "sha512-qudnQuyYBgnvzf5Lj/yxMcf4L9NcVWihXJg7CiU1L+oUCq8MUnFEfH2/nXR/W5uq+yvUN1h7z6s7vs2v1WkL1A=="
    }
  }
}
